{
    "name": "bazel_pnp",
    "version": "0.1.0",
    "lockfileVersion": 2,
    "requires": true,
    "packages": {
        "": {
            "name": "bazel_pnp",
            "version": "0.1.0",
            "dependencies": {
                "@faker-js/faker": "^6.0.0-alpha.7",
                "minimist": "^1.2.5"
            },
            "devDependencies": {
                "@bazel/bazelisk": "latest",
                "@bazel/buildifier": "latest",
                "@bazel/ibazel": "latest"
            }
        },
        "node_modules/@bazel/bazelisk": {
            "version": "1.11.0",
            "resolved": "https://registry.npmjs.org/@bazel/bazelisk/-/bazelisk-1.11.0.tgz",
            "integrity": "sha512-lxiQzVqSGDG0PIDQGJdVDjp7T+50p5NnM4EnRJa76mkZp6u5ul19GJNKhPKi81TZQALZEZDxAgxVqQKkWTUOxA==",
            "dev": true,
            "bin": {
                "bazel": "bazelisk.js",
                "bazelisk": "bazelisk.js"
            }
        },
        "node_modules/@bazel/buildifier": {
            "version": "5.0.1",
            "resolved": "https://registry.npmjs.org/@bazel/buildifier/-/buildifier-5.0.1.tgz",
            "integrity": "sha512-3eMWxdFtcQf+Jw55PZqD/I9N785wp6QQ2k/SZst7R64KAGrS8Ke1EhPXaZHZBkXao5GXrm6SNLDV287xg2kguA==",
            "dev": true,
            "bin": {
                "buildifier": "buildifier.js"
            }
        },
        "node_modules/@bazel/ibazel": {
            "version": "0.15.10",
            "resolved": "https://registry.npmjs.org/@bazel/ibazel/-/ibazel-0.15.10.tgz",
            "integrity": "sha512-0v+OwCQ6fsGFa50r6MXWbUkSGuWOoZ22K4pMSdtWiL5LKFIE4kfmMmtQS+M7/ICNwk2EIYob+NRreyi/DGUz5A==",
            "dev": true,
            "bin": {
                "ibazel": "index.js"
            }
        },
        "node_modules/@faker-js/faker": {
            "version": "6.0.0-alpha.7",
            "resolved": "https://registry.npmjs.org/@faker-js/faker/-/faker-6.0.0-alpha.7.tgz",
            "integrity": "sha512-T2nYE8+EfzfkRMLMSm7UvgC7fZ2KkKEyCMeyPVS0q2cuvENbt1SjWyu0bOJ0JqBbTs1g+gYMWMFMXspWlzNVmQ==",
            "engines": {
                "node": ">=14.0.0",
                "npm": ">=7.0.0"
            }
        },
        "node_modules/minimist": {
            "version": "1.2.5",
            "resolved": "https://registry.npmjs.org/minimist/-/minimist-1.2.5.tgz",
            "integrity": "sha512-FM9nNUYrRBAELZQT3xeZQ7fmMOBg6nWNmJKTcgsJeaLstP/UODVpGsr5OhXhhXg6f+qtJ8uiZ+PUxkDWcgIXLw=="
        }
    },
    "dependencies": {
        "@bazel/bazelisk": {
            "version": "1.11.0",
            "resolved": "https://registry.npmjs.org/@bazel/bazelisk/-/bazelisk-1.11.0.tgz",
            "integrity": "sha512-lxiQzVqSGDG0PIDQGJdVDjp7T+50p5NnM4EnRJa76mkZp6u5ul19GJNKhPKi81TZQALZEZDxAgxVqQKkWTUOxA==",
            "dev": true
        },
        "@bazel/buildifier": {
            "version": "5.0.1",
            "resolved": "https://registry.npmjs.org/@bazel/buildifier/-/buildifier-5.0.1.tgz",
            "integrity": "sha512-3eMWxdFtcQf+Jw55PZqD/I9N785wp6QQ2k/SZst7R64KAGrS8Ke1EhPXaZHZBkXao5GXrm6SNLDV287xg2kguA==",
            "dev": true
        },
        "@bazel/ibazel": {
            "version": "0.15.10",
            "resolved": "https://registry.npmjs.org/@bazel/ibazel/-/ibazel-0.15.10.tgz",
            "integrity": "sha512-0v+OwCQ6fsGFa50r6MXWbUkSGuWOoZ22K4pMSdtWiL5LKFIE4kfmMmtQS+M7/ICNwk2EIYob+NRreyi/DGUz5A==",
            "dev": true
        },
        "@faker-js/faker": {
            "version": "6.0.0-alpha.7",
            "resolved": "https://registry.npmjs.org/@faker-js/faker/-/faker-6.0.0-alpha.7.tgz",
            "integrity": "sha512-T2nYE8+EfzfkRMLMSm7UvgC7fZ2KkKEyCMeyPVS0q2cuvENbt1SjWyu0bOJ0JqBbTs1g+gYMWMFMXspWlzNVmQ=="
        },
        "minimist": {
            "version": "1.2.5",
            "resolved": "https://registry.npmjs.org/minimist/-/minimist-1.2.5.tgz",
            "integrity": "sha512-FM9nNUYrRBAELZQT3xeZQ7fmMOBg6nWNmJKTcgsJeaLstP/UODVpGsr5OhXhhXg6f+qtJ8uiZ+PUxkDWcgIXLw=="
        }
    }
}
