# This file is generated by running "yarn install" inside your project.
# Manual changes might be lost - proceed with caution!

__metadata:
  version: 6
  cacheKey: 8

"@faker-js/faker@npm:^6.0.0-alpha.7":
  version: 6.0.0-alpha.7
  resolution: "@faker-js/faker@npm:6.0.0-alpha.7"
  checksum: 1322aa3b8c5975fdd7cf826caecde71708bb73d21b3cbcf8dca8ba451398857f3d8c0946b65d5b0927bfddc9b9d71353ce3531264ad9a570948452053ee57f0c
  languageName: node
  linkType: hard

"bazel_pnp@workspace:.":
  version: 0.0.0-use.local
  resolution: "bazel_pnp@workspace:."
  dependencies:
    "@faker-js/faker": ^6.0.0-alpha.7
    lodash: ^4.17.21
  languageName: unknown
  linkType: soft

"lodash@npm:^4.17.21":
  version: 4.17.21
  resolution: "lodash@npm:4.17.21"
  checksum: eb835a2e51d381e561e508ce932ea50a8e5a68f4ebdd771ea240d3048244a8d13658acbd502cd4829768c56f2e16bdd4340b9ea141297d472517b83868e677f7
  languageName: node
  linkType: hard
